
Microsoft Visual Studio Solution File, Format Version 12.00
# Visual Studio Version 17
VisualStudioVersion = 17.2.32616.157
MinimumVisualStudioVersion = 10.0.40219.1
Project("{FAE04EC0-301F-11D3-BF4B-00C04F79EFBC}") = "IsMulakat", "IsMulakat.csproj", "{C0FA0F79-31FE-4F48-BEF0-84313704A930}"
EndProject
Global
	GlobalSection(SolutionConfigurationPlatforms) = preSolution
		Debug|Any CPU = Debug|Any CPU
		Release|Any CPU = Release|Any CPU
	EndGlobalSection
	GlobalSection(ProjectConfigurationPlatforms) = postSolution
		{C0FA0F79-31FE-4F48-BEF0-84313704A930}.Debug|Any CPU.ActiveCfg = Debug|Any CPU
		{C0FA0F79-31FE-4F48-BEF0-84313704A930}.Debug|Any CPU.Build.0 = Debug|Any CPU
		{C0FA0F79-31FE-4F48-BEF0-84313704A930}.Release|Any CPU.ActiveCfg = Release|Any CPU
		{C0FA0F79-31FE-4F48-BEF0-84313704A930}.Release|Any CPU.Build.0 = Release|Any CPU
	EndGlobalSection
	GlobalSection(SolutionProperties) = preSolution
		HideSolutionNode = FALSE
	EndGlobalSection
	GlobalSection(ExtensibilityGlobals) = postSolution
		SolutionGuid = {302D098B-DAFA-4096-B641-D20F315A388C}
	EndGlobalSection
EndGlobal
